Microsoft Visual Studio Solution File, Format Version 12.00
# Visual Studio Version 17
VisualStudioVersion = 17.5.2.0
MinimumVisualStudioVersion = 10.0.40219.1
Project("{FAE04EC0-301F-11D3-BF4B-00C04F79EFBC}") = "ApiBasica", "ApiBasica.csproj", "{789ECDD6-ED85-F25D-35EC-8F0B9C19A35D}"
EndProject
Global
	GlobalSection(SolutionConfigurationPlatforms) = preSolution
		Debug|Any CPU = Debug|Any CPU
		Release|Any CPU = Release|Any CPU
	EndGlobalSection
	GlobalSection(ProjectConfigurationPlatforms) = postSolution
		{789ECDD6-ED85-F25D-35EC-8F0B9C19A35D}.Debug|Any CPU.ActiveCfg = Debug|Any CPU
		{789ECDD6-ED85-F25D-35EC-8F0B9C19A35D}.Debug|Any CPU.Build.0 = Debug|Any CPU
		{789ECDD6-ED85-F25D-35EC-8F0B9C19A35D}.Release|Any CPU.ActiveCfg = Release|Any CPU
		{789ECDD6-ED85-F25D-35EC-8F0B9C19A35D}.Release|Any CPU.Build.0 = Release|Any CPU
	EndGlobalSection
	GlobalSection(SolutionProperties) = preSolution
		HideSolutionNode = FALSE
	EndGlobalSection
	GlobalSection(ExtensibilityGlobals) = postSolution
		SolutionGuid = {5AADC64E-FCFA-4331-A3FF-AC6A5825D74E}
	EndGlobalSection
EndGlobal
